
Microsoft Visual Studio Solution File, Format Version 12.00
# Visual Studio Version 17
VisualStudioVersion = 17.7.34031.279
MinimumVisualStudioVersion = 10.0.40219.1
Project("{2150E333-8FDC-42A3-9474-1A3956D46DE8}") = "Core", "Core", "{1C41AAB4-6BB6-4201-BE1E-7D0DAD99C67E}"
	ProjectSection(SolutionItems) = preProject
		Api\Api\Program.cs = Api\Api\Program.cs
	EndProjectSection
EndProject
Project("{2150E333-8FDC-42A3-9474-1A3956D46DE8}") = "Infraestructure", "Infraestructure", "{52B76ED9-DB79-43EE-B094-9CC87C2B7ABF}"
	ProjectSection(SolutionItems) = preProject
		Core\Domain\Helpers\DependencyInjectionHelper.cs = Core\Domain\Helpers\DependencyInjectionHelper.cs
	EndProjectSection
EndProject
Project("{2150E333-8FDC-42A3-9474-1A3956D46DE8}") = "Api", "Api", "{7FC15C27-5534-4515-9483-ABCE58C25D9D}"
EndProject
Project("{2150E333-8FDC-42A3-9474-1A3956D46DE8}") = "Test", "Test", "{7616477D-C350-4E91-A99D-A48C53462E4A}"
EndProject
Project("{9A19103F-16F7-4668-BE54-9A1E7A4F7556}") = "Api", "Api\Api\Api.csproj", "{5FF990B5-66FE-4480-AE7A-0754B91254B9}"
EndProject
Project("{9A19103F-16F7-4668-BE54-9A1E7A4F7556}") = "Domain", "Core\Domain\Domain.csproj", "{F31EECEA-2676-4E9A-873E-DD3778989CD4}"
EndProject
Project("{9A19103F-16F7-4668-BE54-9A1E7A4F7556}") = "Application", "Core\Application\Application.csproj", "{D6C2749D-C6CB-42BB-983C-2C1C00DE6953}"
EndProject
Project("{9A19103F-16F7-4668-BE54-9A1E7A4F7556}") = "Infraestructure", "Infraestructure\Infraestructure\Infraestructure.csproj", "{4186D475-AF36-4D3B-8E0F-5C4211B60B0A}"
EndProject
Project("{9A19103F-16F7-4668-BE54-9A1E7A4F7556}") = "Persistence", "Infraestructure\Persistence\Persistence.csproj", "{731B96F3-2F59-4DC7-847A-D3272655EC89}"
EndProject
Project("{9A19103F-16F7-4668-BE54-9A1E7A4F7556}") = "Adapters", "Infraestructure\Adapters\Adapters.csproj", "{4FB96FCC-3E18-41BB-B390-B9C5C61661F9}"
EndProject
Project("{FAE04EC0-301F-11D3-BF4B-00C04F79EFBC}") = "IntegrationTests", "IntegrationTests\IntegrationTests.csproj", "{76AB4142-F0A4-4AC4-AD13-01C3C30B9422}"
EndProject
Global
	GlobalSection(SolutionConfigurationPlatforms) = preSolution
		Debug|Any CPU = Debug|Any CPU
		Release|Any CPU = Release|Any CPU
	EndGlobalSection
	GlobalSection(ProjectConfigurationPlatforms) = postSolution
		{5FF990B5-66FE-4480-AE7A-0754B91254B9}.Debug|Any CPU.ActiveCfg = Debug|Any CPU
		{5FF990B5-66FE-4480-AE7A-0754B91254B9}.Debug|Any CPU.Build.0 = Debug|Any CPU
		{5FF990B5-66FE-4480-AE7A-0754B91254B9}.Release|Any CPU.ActiveCfg = Release|Any CPU
		{5FF990B5-66FE-4480-AE7A-0754B91254B9}.Release|Any CPU.Build.0 = Release|Any CPU
		{F31EECEA-2676-4E9A-873E-DD3778989CD4}.Debug|Any CPU.ActiveCfg = Debug|Any CPU
		{F31EECEA-2676-4E9A-873E-DD3778989CD4}.Debug|Any CPU.Build.0 = Debug|Any CPU
		{F31EECEA-2676-4E9A-873E-DD3778989CD4}.Release|Any CPU.ActiveCfg = Release|Any CPU
		{F31EECEA-2676-4E9A-873E-DD3778989CD4}.Release|Any CPU.Build.0 = Release|Any CPU
		{D6C2749D-C6CB-42BB-983C-2C1C00DE6953}.Debug|Any CPU.ActiveCfg = Debug|Any CPU
		{D6C2749D-C6CB-42BB-983C-2C1C00DE6953}.Debug|Any CPU.Build.0 = Debug|Any CPU
		{D6C2749D-C6CB-42BB-983C-2C1C00DE6953}.Release|Any CPU.ActiveCfg = Release|Any CPU
		{D6C2749D-C6CB-42BB-983C-2C1C00DE6953}.Release|Any CPU.Build.0 = Release|Any CPU
		{4186D475-AF36-4D3B-8E0F-5C4211B60B0A}.Debug|Any CPU.ActiveCfg = Debug|Any CPU
		{4186D475-AF36-4D3B-8E0F-5C4211B60B0A}.Debug|Any CPU.Build.0 = Debug|Any CPU
		{4186D475-AF36-4D3B-8E0F-5C4211B60B0A}.Release|Any CPU.ActiveCfg = Release|Any CPU
		{4186D475-AF36-4D3B-8E0F-5C4211B60B0A}.Release|Any CPU.Build.0 = Release|Any CPU
		{731B96F3-2F59-4DC7-847A-D3272655EC89}.Debug|Any CPU.ActiveCfg = Debug|Any CPU
		{731B96F3-2F59-4DC7-847A-D3272655EC89}.Debug|Any CPU.Build.0 = Debug|Any CPU
		{731B96F3-2F59-4DC7-847A-D3272655EC89}.Release|Any CPU.ActiveCfg = Release|Any CPU
		{731B96F3-2F59-4DC7-847A-D3272655EC89}.Release|Any CPU.Build.0 = Release|Any CPU
		{4FB96FCC-3E18-41BB-B390-B9C5C61661F9}.Debug|Any CPU.ActiveCfg = Debug|Any CPU
		{4FB96FCC-3E18-41BB-B390-B9C5C61661F9}.Debug|Any CPU.Build.0 = Debug|Any CPU
		{4FB96FCC-3E18-41BB-B390-B9C5C61661F9}.Release|Any CPU.ActiveCfg = Release|Any CPU
		{4FB96FCC-3E18-41BB-B390-B9C5C61661F9}.Release|Any CPU.Build.0 = Release|Any CPU
		{76AB4142-F0A4-4AC4-AD13-01C3C30B9422}.Debug|Any CPU.ActiveCfg = Debug|Any CPU
		{76AB4142-F0A4-4AC4-AD13-01C3C30B9422}.Debug|Any CPU.Build.0 = Debug|Any CPU
		{76AB4142-F0A4-4AC4-AD13-01C3C30B9422}.Release|Any CPU.ActiveCfg = Release|Any CPU
		{76AB4142-F0A4-4AC4-AD13-01C3C30B9422}.Release|Any CPU.Build.0 = Release|Any CPU
	EndGlobalSection
	GlobalSection(SolutionProperties) = preSolution
		HideSolutionNode = FALSE
	EndGlobalSection
	GlobalSection(NestedProjects) = preSolution
		{5FF990B5-66FE-4480-AE7A-0754B91254B9} = {7FC15C27-5534-4515-9483-ABCE58C25D9D}
		{F31EECEA-2676-4E9A-873E-DD3778989CD4} = {1C41AAB4-6BB6-4201-BE1E-7D0DAD99C67E}
		{D6C2749D-C6CB-42BB-983C-2C1C00DE6953} = {1C41AAB4-6BB6-4201-BE1E-7D0DAD99C67E}
		{4186D475-AF36-4D3B-8E0F-5C4211B60B0A} = {52B76ED9-DB79-43EE-B094-9CC87C2B7ABF}
		{731B96F3-2F59-4DC7-847A-D3272655EC89} = {52B76ED9-DB79-43EE-B094-9CC87C2B7ABF}
		{4FB96FCC-3E18-41BB-B390-B9C5C61661F9} = {52B76ED9-DB79-43EE-B094-9CC87C2B7ABF}
		{76AB4142-F0A4-4AC4-AD13-01C3C30B9422} = {7616477D-C350-4E91-A99D-A48C53462E4A}
	EndGlobalSection
	GlobalSection(ExtensibilityGlobals) = postSolution
		SolutionGuid = {BE350759-028B-4935-A787-612554A774F0}
	EndGlobalSection
EndGlobal
